
Microsoft Visual Studio Solution File, Format Version 12.00
# Visual Studio Version 16
VisualStudioVersion = 16.0.29911.84
MinimumVisualStudioVersion = 10.0.40219.1
Project("{FAE04EC0-301F-11D3-BF4B-00C04F79EFBC}") = "DbMigration", "DbMigration\DbMigration.csproj", "{26A7B044-82D8-4944-A498-FE510DDFD7B8}"
EndProject
Project("{FAE04EC0-301F-11D3-BF4B-00C04F79EFBC}") = "LinkList", "LinkList\LinkList.csproj", "{2A5BDC43-2E0C-4252-A7F0-8E59E90D1F37}"
EndProject
Global
	GlobalSection(SolutionConfigurationPlatforms) = preSolution
		Debug|Any CPU = Debug|Any CPU
		Release|Any CPU = Release|Any CPU
	EndGlobalSection
	GlobalSection(ProjectConfigurationPlatforms) = postSolution
		{26A7B044-82D8-4944-A498-FE510DDFD7B8}.Debug|Any CPU.ActiveCfg = Debug|Any CPU
		{26A7B044-82D8-4944-A498-FE510DDFD7B8}.Debug|Any CPU.Build.0 = Debug|Any CPU
		{26A7B044-82D8-4944-A498-FE510DDFD7B8}.Release|Any CPU.ActiveCfg = Release|Any CPU
		{26A7B044-82D8-4944-A498-FE510DDFD7B8}.Release|Any CPU.Build.0 = Release|Any CPU
		{2A5BDC43-2E0C-4252-A7F0-8E59E90D1F37}.Debug|Any CPU.ActiveCfg = Debug|Any CPU
		{2A5BDC43-2E0C-4252-A7F0-8E59E90D1F37}.Debug|Any CPU.Build.0 = Debug|Any CPU
		{2A5BDC43-2E0C-4252-A7F0-8E59E90D1F37}.Release|Any CPU.ActiveCfg = Release|Any CPU
		{2A5BDC43-2E0C-4252-A7F0-8E59E90D1F37}.Release|Any CPU.Build.0 = Release|Any CPU
	EndGlobalSection
	GlobalSection(SolutionProperties) = preSolution
		HideSolutionNode = FALSE
	EndGlobalSection
	GlobalSection(ExtensibilityGlobals) = postSolution
		SolutionGuid = {88A8F4E3-A40E-4252-94A5-0B9F53536F2C}
	EndGlobalSection
EndGlobal
